README.md	d4aad68515d5	0ffaa7efe8c1
docs/authoring-playbook.md	e540185c9778	173bd518613f
docs/concepts.md	04b846e04cbf	678ef9006643
docs/for-engineers.md	18cda0da5197	b01f4b46bc81
docs/how-to-use.md	e304bbaf1506	604383cc1411
docs/overview-for-business.md	e4725e14df7c	cb7a4490388a
harness/README.md	6050bbbe0b19	beb9a3b1bcb9
harness/core/migration-core.md	b2e28604e475	bb06ca6b2e6b
harness/setup-modernized.sh	831ddadbf27e	3390bd55d37d
harness/skills/migration-adr/SKILL.md	726512cbc70b	3dc209285c0c
harness/skills/migration-adversarial-review/SKILL.md	1c4f95089d44	5fa9eed6ed08
harness/skills/migration-recording/SKILL.md	8ecb03d2f9ef	85402bf0a1d2
harness/skills/migration-session/SKILL.md	906896443213	66ce4a8e89ab
harness/skills/migration-subtask/SKILL.md	13a5a2a2b469	f4ea823b64dc
harness/skills/migration-tree-setup/SKILL.md	6efe7b871386	505bdea72afe
harness/skills/migration-troubleshooting/SKILL.md	2929115d69c5	b647d9eeb632
harness/skills/migration-verification/SKILL.md	1b7232acdf81	c97324671e31
harness/templates/baseline-behavior.md.template	5f199a8d4b7e	4209ca184b2f
harness/templates/decisions.md.template	a1000e750245	5e2c91e8602b
harness/templates/lessons-learned.md.template	e380b0bb448d	868322e876cd
harness/templates/migration-project.md.template	91e54d84ede5	51a5e1938a95
harness/templates/project-seed/00-analysis/analysis-runs.md	d4ddf5c2d446	3bdc51ea069b
harness/templates/project-seed/00-analysis/repository-inventory.md	812111270129	e4e0adebd877
harness/templates/project-seed/01-plan/adaptation-ledger.md	44a99007f81d	04caa974826d
harness/templates/project-seed/01-plan/environment-diff-table.md	8b8647be6948	94ea823b4fbe
harness/templates/project-seed/01-plan/work-plan.md	de91b3d2d5ac	8768606bf3fd
harness/templates/project-seed/02-test/test-procedures.md	7e98e9a59062	179adbefa987
harness/templates/project-seed/03-worklog/worklog.md	017575e4c301	f7268d0d0e0a
harness/templates/project-seed/gitignore.template	e21bc795d0bd	788776e51251
harness/templates/session-context.md.template	aeda7ae6a92b	6b22cbb1fb76
harness/templates/subtask-plan.md.template	bfb98af049c8	4a4072e88585
harness/tools/turn-log.sh	2374c8cc61a2	c8e4026b503c
harness/tools/turn-report.sh	41b5e7bd6a77	a5a1df47bc5f
harness/tools/work-declaration-guard.sh	c7170e41cc22	ba4a41692ca3
harness/verify.sh.template	264af614e1c0	04f1c317940a
method/analysis-procedure.md.template	392981693740	fe9ae0b009c0
method/flow.md	191b8c1ad252	993422a67488
method/practices-common.md	16f4ee9bcc09	f4c58a945f11
method/tools/generate-html.sh	1f644c18cdb1	355f257400da
playbooks/clang-solarisx86-to-amznlinux/README.md	678b236d2a6f	8c3f9c449098
playbooks/clang-solarisx86-to-amznlinux/analysis-appendix.md	0383d44c7ff9	bbee75701857
playbooks/clang-solarisx86-to-amznlinux/baseline-themes.md	3f8860035467	8ab38242c892
playbooks/clang-solarisx86-to-amznlinux/modernized-gitignore.template	9dee1bc5e46a	be07e6c87b26
playbooks/clang-solarisx86-to-amznlinux/practices.md	5bef4a616e79	17d9814fb0bd
playbooks/clang-solarisx86-to-amznlinux/reference/ilp32-to-lp64-struct-layout.md	6de36f388e2f	bff41f67bcd9
playbooks/clang-solarisx86-to-amznlinux/reference/longrun_server_migration_considerations.md	8a61cc8e8b79	45040d3e446c
playbooks/clang-solarisx86-to-amznlinux/reference/solaris_linux_differences.md	b24faaa5cccb	ea731c3cec47
playbooks/clang-solarisx86-to-amznlinux/transform-config-cca-template.yaml	5f95ae21b66d	85173cc0e4da
playbooks/clang-solarisx86-to-amznlinux/transform-config-template_full.yaml	8939823500cb	ffe959353741
playbooks/clang-solarisx86-to-amznlinux/verify-snippets.md	056c591e4862	46ebb5d1abed
playbooks/dotnetfw-to-modern-dotnet/README.md	f7dca12745fb	e5ae05943d3a
playbooks/dotnetfw-to-modern-dotnet/analysis-appendix.md	60cfb4bc21c6	a025d3c2f568
playbooks/dotnetfw-to-modern-dotnet/baseline-themes.md	62fc73d38215	f8546adff64d
playbooks/dotnetfw-to-modern-dotnet/modernized-gitignore.template	3843f266555d	1bbe902cd56a
playbooks/dotnetfw-to-modern-dotnet/practices.md	6c19156ff29d	cf4332079bf1
playbooks/dotnetfw-to-modern-dotnet/reference/compat-switches.md	a87f74273113	fbc4c96ae603
playbooks/dotnetfw-to-modern-dotnet/reference/runtime-generation-differences.md	88b3ba775e8f	61c1203cb16f
playbooks/dotnetfw-to-modern-dotnet/transform-config-cca-template.yaml	c5b020980ed6	05cb8b3be425
playbooks/dotnetfw-to-modern-dotnet/verify-snippets.md	5bc110010894	ea04a830415d
playbooks/java-modernization/README.md	33f7ddeaed80	b44f28310afe
playbooks/java-modernization/analysis-appendix.md	545f89441520	268f16ed62f2
playbooks/java-modernization/baseline-themes.md	706912381f11	7f4c4c76cd1f
playbooks/java-modernization/modernized-gitignore.template	4f57d0c64c30	f7ee6005d7df
playbooks/java-modernization/practices.md	d3b7390fbdcb	4c298c0fbb05
playbooks/java-modernization/reference/java-modernization-considerations.md	0fb40ebca2ca	e144ed1e1574
playbooks/java-modernization/transform-config-cca-template.yaml	b8a5d2baacf5	26c32ef8826b
playbooks/java-modernization/verify-snippets.md	c065ec585b83	eb1cadb097a5
